
Microsoft Visual Studio Solution File, Format Version 12.00
# Visual Studio Version 17
VisualStudioVersion = 17.0.31808.319
MinimumVisualStudioVersion = 10.0.40219.1
Project("{2150E333-8FDC-42A3-9474-1A3956D46DE8}") = "Framework", "Framework", "{699C8B42-CF9E-4EE7-9592-9F3E70E76FE2}"
EndProject
Project("{9A19103F-16F7-4668-BE54-9A1E7A4F7556}") = "Framework", "Framework\Framework.csproj", "{830E7953-69C2-40E2-ACAC-B4C179D6B56E}"
EndProject
Project("{2150E333-8FDC-42A3-9474-1A3956D46DE8}") = "Hosting", "Hosting", "{A469412D-31C0-4E87-9624-3F4A76796B23}"
EndProject
Project("{9A19103F-16F7-4668-BE54-9A1E7A4F7556}") = "Hosting", "Hosting\Hosting.csproj", "{7786366B-EF8C-4D25-BE76-D3BBA06C0EF4}"
EndProject
Project("{2150E333-8FDC-42A3-9474-1A3956D46DE8}") = "Services", "Services", "{821E5005-B48F-4CF2-AC88-9698E7E6CF34}"
EndProject
Project("{2150E333-8FDC-42A3-9474-1A3956D46DE8}") = "WeatherForecast", "WeatherForecast", "{703A9398-40C9-404D-B9C3-991FF5CEC2CE}"
EndProject
Project("{9A19103F-16F7-4668-BE54-9A1E7A4F7556}") = "API", "Services\WeatherForecast\API\API.csproj", "{24253116-216B-47E5-8D80-77E20F7EFDAC}"
EndProject
Project("{9A19103F-16F7-4668-BE54-9A1E7A4F7556}") = "ApplicationServices", "Services\WeatherForecast\ApplicationServices\ApplicationServices.csproj", "{FC00CE30-D10E-4B6C-905F-DB1EC30D2BA3}"
EndProject
Project("{9A19103F-16F7-4668-BE54-9A1E7A4F7556}") = "Bootstrapper", "Services\WeatherForecast\Bootstrapper\Bootstrapper.csproj", "{2CBBA5BB-2545-4460-B931-F176D1EE5350}"
EndProject
Project("{9A19103F-16F7-4668-BE54-9A1E7A4F7556}") = "Domain", "Services\WeatherForecast\Domain\Domain.csproj", "{F2A95FCA-490D-4461-94E3-5159685A8C5B}"
EndProject
Project("{9A19103F-16F7-4668-BE54-9A1E7A4F7556}") = "DomainServices", "Services\WeatherForecast\DomainServices\DomainServices.csproj", "{0D1C621A-491E-4343-96A6-505E4FAE336F}"
EndProject
Project("{9A19103F-16F7-4668-BE54-9A1E7A4F7556}") = "Infrastructure", "Services\WeatherForecast\Infrastructure\Infrastructure.csproj", "{AADCE6AC-A653-4533-AF3A-9841116BCF22}"
EndProject
Project("{2150E333-8FDC-42A3-9474-1A3956D46DE8}") = "EchoService", "EchoService", "{7BB813DD-F179-40B8-A505-7BB515DD296C}"
EndProject
Project("{FAE04EC0-301F-11D3-BF4B-00C04F79EFBC}") = "API", "Services\EchoService\API\API.csproj", "{ADB8721D-A46E-4245-8383-09DEE1496E5B}"
EndProject
Project("{FAE04EC0-301F-11D3-BF4B-00C04F79EFBC}") = "ApplicationServices", "Services\EchoService\ApplicationServices\ApplicationServices.csproj", "{C1A10DFA-9FC3-4FA8-A6C1-2B6575494C9B}"
EndProject
Project("{FAE04EC0-301F-11D3-BF4B-00C04F79EFBC}") = "Bootstrapper", "Services\EchoService\Bootstrapper\Bootstrapper.csproj", "{348E8E39-A77F-4A2A-A9DC-1B67111099E0}"
EndProject
Project("{FAE04EC0-301F-11D3-BF4B-00C04F79EFBC}") = "DomainServices", "Services\EchoService\DomainServices\DomainServices.csproj", "{2F5AA311-DC2A-465C-B3A1-B82B2A93BC98}"
EndProject
Project("{FAE04EC0-301F-11D3-BF4B-00C04F79EFBC}") = "Domain", "Services\EchoService\Domain\Domain.csproj", "{DE5165CD-E52E-4581-B39C-17918512D078}"
EndProject
Project("{FAE04EC0-301F-11D3-BF4B-00C04F79EFBC}") = "Infrastructure", "Services\EchoService\Infrastructure\Infrastructure.csproj", "{11BDA30D-E303-4C99-94AB-1C9172F03C1C}"
EndProject
Global
	GlobalSection(SolutionConfigurationPlatforms) = preSolution
		Debug|Any CPU = Debug|Any CPU
		Release|Any CPU = Release|Any CPU
	EndGlobalSection
	GlobalSection(ProjectConfigurationPlatforms) = postSolution
		{830E7953-69C2-40E2-ACAC-B4C179D6B56E}.Debug|Any CPU.ActiveCfg = Debug|Any CPU
		{830E7953-69C2-40E2-ACAC-B4C179D6B56E}.Debug|Any CPU.Build.0 = Debug|Any CPU
		{830E7953-69C2-40E2-ACAC-B4C179D6B56E}.Release|Any CPU.ActiveCfg = Release|Any CPU
		{830E7953-69C2-40E2-ACAC-B4C179D6B56E}.Release|Any CPU.Build.0 = Release|Any CPU
		{7786366B-EF8C-4D25-BE76-D3BBA06C0EF4}.Debug|Any CPU.ActiveCfg = Debug|Any CPU
		{7786366B-EF8C-4D25-BE76-D3BBA06C0EF4}.Debug|Any CPU.Build.0 = Debug|Any CPU
		{7786366B-EF8C-4D25-BE76-D3BBA06C0EF4}.Release|Any CPU.ActiveCfg = Release|Any CPU
		{7786366B-EF8C-4D25-BE76-D3BBA06C0EF4}.Release|Any CPU.Build.0 = Release|Any CPU
		{24253116-216B-47E5-8D80-77E20F7EFDAC}.Debug|Any CPU.ActiveCfg = Debug|Any CPU
		{24253116-216B-47E5-8D80-77E20F7EFDAC}.Debug|Any CPU.Build.0 = Debug|Any CPU
		{24253116-216B-47E5-8D80-77E20F7EFDAC}.Release|Any CPU.ActiveCfg = Release|Any CPU
		{24253116-216B-47E5-8D80-77E20F7EFDAC}.Release|Any CPU.Build.0 = Release|Any CPU
		{FC00CE30-D10E-4B6C-905F-DB1EC30D2BA3}.Debug|Any CPU.ActiveCfg = Debug|Any CPU
		{FC00CE30-D10E-4B6C-905F-DB1EC30D2BA3}.Debug|Any CPU.Build.0 = Debug|Any CPU
		{FC00CE30-D10E-4B6C-905F-DB1EC30D2BA3}.Release|Any CPU.ActiveCfg = Release|Any CPU
		{FC00CE30-D10E-4B6C-905F-DB1EC30D2BA3}.Release|Any CPU.Build.0 = Release|Any CPU
		{2CBBA5BB-2545-4460-B931-F176D1EE5350}.Debug|Any CPU.ActiveCfg = Debug|Any CPU
		{2CBBA5BB-2545-4460-B931-F176D1EE5350}.Debug|Any CPU.Build.0 = Debug|Any CPU
		{2CBBA5BB-2545-4460-B931-F176D1EE5350}.Release|Any CPU.ActiveCfg = Release|Any CPU
		{2CBBA5BB-2545-4460-B931-F176D1EE5350}.Release|Any CPU.Build.0 = Release|Any CPU
		{F2A95FCA-490D-4461-94E3-5159685A8C5B}.Debug|Any CPU.ActiveCfg = Debug|Any CPU
		{F2A95FCA-490D-4461-94E3-5159685A8C5B}.Debug|Any CPU.Build.0 = Debug|Any CPU
		{F2A95FCA-490D-4461-94E3-5159685A8C5B}.Release|Any CPU.ActiveCfg = Release|Any CPU
		{F2A95FCA-490D-4461-94E3-5159685A8C5B}.Release|Any CPU.Build.0 = Release|Any CPU
		{0D1C621A-491E-4343-96A6-505E4FAE336F}.Debug|Any CPU.ActiveCfg = Debug|Any CPU
		{0D1C621A-491E-4343-96A6-505E4FAE336F}.Debug|Any CPU.Build.0 = Debug|Any CPU
		{0D1C621A-491E-4343-96A6-505E4FAE336F}.Release|Any CPU.ActiveCfg = Release|Any CPU
		{0D1C621A-491E-4343-96A6-505E4FAE336F}.Release|Any CPU.Build.0 = Release|Any CPU
		{AADCE6AC-A653-4533-AF3A-9841116BCF22}.Debug|Any CPU.ActiveCfg = Debug|Any CPU
		{AADCE6AC-A653-4533-AF3A-9841116BCF22}.Debug|Any CPU.Build.0 = Debug|Any CPU
		{AADCE6AC-A653-4533-AF3A-9841116BCF22}.Release|Any CPU.ActiveCfg = Release|Any CPU
		{AADCE6AC-A653-4533-AF3A-9841116BCF22}.Release|Any CPU.Build.0 = Release|Any CPU
		{ADB8721D-A46E-4245-8383-09DEE1496E5B}.Debug|Any CPU.ActiveCfg = Debug|Any CPU
		{ADB8721D-A46E-4245-8383-09DEE1496E5B}.Debug|Any CPU.Build.0 = Debug|Any CPU
		{ADB8721D-A46E-4245-8383-09DEE1496E5B}.Release|Any CPU.ActiveCfg = Release|Any CPU
		{ADB8721D-A46E-4245-8383-09DEE1496E5B}.Release|Any CPU.Build.0 = Release|Any CPU
		{C1A10DFA-9FC3-4FA8-A6C1-2B6575494C9B}.Debug|Any CPU.ActiveCfg = Debug|Any CPU
		{C1A10DFA-9FC3-4FA8-A6C1-2B6575494C9B}.Debug|Any CPU.Build.0 = Debug|Any CPU
		{C1A10DFA-9FC3-4FA8-A6C1-2B6575494C9B}.Release|Any CPU.ActiveCfg = Release|Any CPU
		{C1A10DFA-9FC3-4FA8-A6C1-2B6575494C9B}.Release|Any CPU.Build.0 = Release|Any CPU
		{348E8E39-A77F-4A2A-A9DC-1B67111099E0}.Debug|Any CPU.ActiveCfg = Debug|Any CPU
		{348E8E39-A77F-4A2A-A9DC-1B67111099E0}.Debug|Any CPU.Build.0 = Debug|Any CPU
		{348E8E39-A77F-4A2A-A9DC-1B67111099E0}.Release|Any CPU.ActiveCfg = Release|Any CPU
		{348E8E39-A77F-4A2A-A9DC-1B67111099E0}.Release|Any CPU.Build.0 = Release|Any CPU
		{2F5AA311-DC2A-465C-B3A1-B82B2A93BC98}.Debug|Any CPU.ActiveCfg = Debug|Any CPU
		{2F5AA311-DC2A-465C-B3A1-B82B2A93BC98}.Debug|Any CPU.Build.0 = Debug|Any CPU
		{2F5AA311-DC2A-465C-B3A1-B82B2A93BC98}.Release|Any CPU.ActiveCfg = Release|Any CPU
		{2F5AA311-DC2A-465C-B3A1-B82B2A93BC98}.Release|Any CPU.Build.0 = Release|Any CPU
		{DE5165CD-E52E-4581-B39C-17918512D078}.Debug|Any CPU.ActiveCfg = Debug|Any CPU
		{DE5165CD-E52E-4581-B39C-17918512D078}.Debug|Any CPU.Build.0 = Debug|Any CPU
		{DE5165CD-E52E-4581-B39C-17918512D078}.Release|Any CPU.ActiveCfg = Release|Any CPU
		{DE5165CD-E52E-4581-B39C-17918512D078}.Release|Any CPU.Build.0 = Release|Any CPU
		{11BDA30D-E303-4C99-94AB-1C9172F03C1C}.Debug|Any CPU.ActiveCfg = Debug|Any CPU
		{11BDA30D-E303-4C99-94AB-1C9172F03C1C}.Debug|Any CPU.Build.0 = Debug|Any CPU
		{11BDA30D-E303-4C99-94AB-1C9172F03C1C}.Release|Any CPU.ActiveCfg = Release|Any CPU
		{11BDA30D-E303-4C99-94AB-1C9172F03C1C}.Release|Any CPU.Build.0 = Release|Any CPU
	EndGlobalSection
	GlobalSection(SolutionProperties) = preSolution
		HideSolutionNode = FALSE
	EndGlobalSection
	GlobalSection(NestedProjects) = preSolution
		{830E7953-69C2-40E2-ACAC-B4C179D6B56E} = {699C8B42-CF9E-4EE7-9592-9F3E70E76FE2}
		{7786366B-EF8C-4D25-BE76-D3BBA06C0EF4} = {A469412D-31C0-4E87-9624-3F4A76796B23}
		{703A9398-40C9-404D-B9C3-991FF5CEC2CE} = {821E5005-B48F-4CF2-AC88-9698E7E6CF34}
		{24253116-216B-47E5-8D80-77E20F7EFDAC} = {703A9398-40C9-404D-B9C3-991FF5CEC2CE}
		{FC00CE30-D10E-4B6C-905F-DB1EC30D2BA3} = {703A9398-40C9-404D-B9C3-991FF5CEC2CE}
		{2CBBA5BB-2545-4460-B931-F176D1EE5350} = {703A9398-40C9-404D-B9C3-991FF5CEC2CE}
		{F2A95FCA-490D-4461-94E3-5159685A8C5B} = {703A9398-40C9-404D-B9C3-991FF5CEC2CE}
		{0D1C621A-491E-4343-96A6-505E4FAE336F} = {703A9398-40C9-404D-B9C3-991FF5CEC2CE}
		{AADCE6AC-A653-4533-AF3A-9841116BCF22} = {703A9398-40C9-404D-B9C3-991FF5CEC2CE}
		{7BB813DD-F179-40B8-A505-7BB515DD296C} = {821E5005-B48F-4CF2-AC88-9698E7E6CF34}
		{ADB8721D-A46E-4245-8383-09DEE1496E5B} = {7BB813DD-F179-40B8-A505-7BB515DD296C}
		{C1A10DFA-9FC3-4FA8-A6C1-2B6575494C9B} = {7BB813DD-F179-40B8-A505-7BB515DD296C}
		{348E8E39-A77F-4A2A-A9DC-1B67111099E0} = {7BB813DD-F179-40B8-A505-7BB515DD296C}
		{2F5AA311-DC2A-465C-B3A1-B82B2A93BC98} = {7BB813DD-F179-40B8-A505-7BB515DD296C}
		{DE5165CD-E52E-4581-B39C-17918512D078} = {7BB813DD-F179-40B8-A505-7BB515DD296C}
		{11BDA30D-E303-4C99-94AB-1C9172F03C1C} = {7BB813DD-F179-40B8-A505-7BB515DD296C}
	EndGlobalSection
	GlobalSection(ExtensibilityGlobals) = postSolution
		SolutionGuid = {67C32975-2C05-4B3A-97E9-9ED127E7FB30}
	EndGlobalSection
EndGlobal
